
Microsoft Visual Studio Solution File, Format Version 12.00
# Visual Studio 2013
VisualStudioVersion = 12.0.30501.0
MinimumVisualStudioVersion = 10.0.40219.1
Project("{CC5FD16D-436D-48AD-A40C-5A424C6E3E79}") = "CloudyBlueKafka", "CloudyBlueKafka.ccproj", "{92EAEAC0-80DA-406D-A8DA-20665E2C6755}"
EndProject
Project("{FAE04EC0-301F-11D3-BF4B-00C04F79EFBC}") = "KafkaBroker", "KafkaBroker\KafkaBroker.csproj", "{8EE4E196-964E-4810-A84C-4AF956E79B23}"
EndProject
Project("{FAE04EC0-301F-11D3-BF4B-00C04F79EFBC}") = "Zookeeper", "Zookeeper\Zookeeper.csproj", "{03C2B389-65BE-4271-AE3C-2FD9A9FA9562}"
EndProject
Project("{FAE04EC0-301F-11D3-BF4B-00C04F79EFBC}") = "TesterApp", "TesterApp\TesterApp.csproj", "{769C8445-9F1B-4C19-939F-6B1797429875}"
EndProject
Project("{FAE04EC0-301F-11D3-BF4B-00C04F79EFBC}") = "JavaUtils", "JavaUtils\JavaUtils.csproj", "{AAFC6C12-F8D1-44A4-A723-91B26DB7DC96}"
EndProject
Project("{FAE04EC0-301F-11D3-BF4B-00C04F79EFBC}") = "ScratchPad", "ScratchPad\ScratchPad.csproj", "{DC9CB2B9-D563-4EC5-ABE9-4E204B0C4BCB}"
EndProject
Global
	GlobalSection(SolutionConfigurationPlatforms) = preSolution
		Debug|Any CPU = Debug|Any CPU
		Release|Any CPU = Release|Any CPU
	EndGlobalSection
	GlobalSection(ProjectConfigurationPlatforms) = postSolution
		{92EAEAC0-80DA-406D-A8DA-20665E2C6755}.Debug|Any CPU.ActiveCfg = Debug|Any CPU
		{92EAEAC0-80DA-406D-A8DA-20665E2C6755}.Debug|Any CPU.Build.0 = Debug|Any CPU
		{92EAEAC0-80DA-406D-A8DA-20665E2C6755}.Release|Any CPU.ActiveCfg = Release|Any CPU
		{92EAEAC0-80DA-406D-A8DA-20665E2C6755}.Release|Any CPU.Build.0 = Release|Any CPU
		{8EE4E196-964E-4810-A84C-4AF956E79B23}.Debug|Any CPU.ActiveCfg = Debug|Any CPU
		{8EE4E196-964E-4810-A84C-4AF956E79B23}.Debug|Any CPU.Build.0 = Debug|Any CPU
		{8EE4E196-964E-4810-A84C-4AF956E79B23}.Release|Any CPU.ActiveCfg = Release|Any CPU
		{8EE4E196-964E-4810-A84C-4AF956E79B23}.Release|Any CPU.Build.0 = Release|Any CPU
		{03C2B389-65BE-4271-AE3C-2FD9A9FA9562}.Debug|Any CPU.ActiveCfg = Debug|Any CPU
		{03C2B389-65BE-4271-AE3C-2FD9A9FA9562}.Debug|Any CPU.Build.0 = Debug|Any CPU
		{03C2B389-65BE-4271-AE3C-2FD9A9FA9562}.Release|Any CPU.ActiveCfg = Release|Any CPU
		{03C2B389-65BE-4271-AE3C-2FD9A9FA9562}.Release|Any CPU.Build.0 = Release|Any CPU
		{769C8445-9F1B-4C19-939F-6B1797429875}.Debug|Any CPU.ActiveCfg = Debug|Any CPU
		{769C8445-9F1B-4C19-939F-6B1797429875}.Debug|Any CPU.Build.0 = Debug|Any CPU
		{769C8445-9F1B-4C19-939F-6B1797429875}.Release|Any CPU.ActiveCfg = Release|Any CPU
		{769C8445-9F1B-4C19-939F-6B1797429875}.Release|Any CPU.Build.0 = Release|Any CPU
		{AAFC6C12-F8D1-44A4-A723-91B26DB7DC96}.Debug|Any CPU.ActiveCfg = Debug|Any CPU
		{AAFC6C12-F8D1-44A4-A723-91B26DB7DC96}.Debug|Any CPU.Build.0 = Debug|Any CPU
		{AAFC6C12-F8D1-44A4-A723-91B26DB7DC96}.Release|Any CPU.ActiveCfg = Release|Any CPU
		{AAFC6C12-F8D1-44A4-A723-91B26DB7DC96}.Release|Any CPU.Build.0 = Release|Any CPU
		{DC9CB2B9-D563-4EC5-ABE9-4E204B0C4BCB}.Debug|Any CPU.ActiveCfg = Debug|Any CPU
		{DC9CB2B9-D563-4EC5-ABE9-4E204B0C4BCB}.Debug|Any CPU.Build.0 = Debug|Any CPU
		{DC9CB2B9-D563-4EC5-ABE9-4E204B0C4BCB}.Release|Any CPU.ActiveCfg = Release|Any CPU
		{DC9CB2B9-D563-4EC5-ABE9-4E204B0C4BCB}.Release|Any CPU.Build.0 = Release|Any CPU
	EndGlobalSection
	GlobalSection(SolutionProperties) = preSolution
		HideSolutionNode = FALSE
	EndGlobalSection
EndGlobal
